
Microsoft Visual Studio Solution File, Format Version 12.00
# Visual Studio Version 16
VisualStudioVersion = 16.0.31424.327
MinimumVisualStudioVersion = 10.0.40219.1
Project("{FAE04EC0-301F-11D3-BF4B-00C04F79EFBC}") = "Tidbits", "Tidbits\Tidbits.csproj", "{55ADA8DE-2C55-469F-950E-AB6B70A0E164}"
EndProject
Global
	GlobalSection(SolutionConfigurationPlatforms) = preSolution
		Debug|Any CPU = Debug|Any CPU
		Release|Any CPU = Release|Any CPU
	EndGlobalSection
	GlobalSection(ProjectConfigurationPlatforms) = postSolution
		{55ADA8DE-2C55-469F-950E-AB6B70A0E164}.Debug|Any CPU.ActiveCfg = Debug|Any CPU
		{55ADA8DE-2C55-469F-950E-AB6B70A0E164}.Debug|Any CPU.Build.0 = Debug|Any CPU
		{55ADA8DE-2C55-469F-950E-AB6B70A0E164}.Release|Any CPU.ActiveCfg = Release|Any CPU
		{55ADA8DE-2C55-469F-950E-AB6B70A0E164}.Release|Any CPU.Build.0 = Release|Any CPU
	EndGlobalSection
	GlobalSection(SolutionProperties) = preSolution
		HideSolutionNode = FALSE
	EndGlobalSection
	GlobalSection(ExtensibilityGlobals) = postSolution
		SolutionGuid = {CFEBBE9A-2B28-4796-BCBA-F55B3F9F8DE0}
	EndGlobalSection
EndGlobal
